
Microsoft Visual Studio Solution File, Format Version 12.00
Project("{2150E333-8FDC-42A3-9474-1A3956D46DE8}") = "market-simulator", "market-simulator", "{CB55B0E5-981E-4D57-A5C4-4EDA5761F7FB}"
EndProject
Project("{FAE04EC0-301F-11D3-BF4B-00C04F79EFBC}") = "Market.Simulator.Tests", "market-simulator\Market.Simulator.Tests\Market.Simulator.Tests.csproj", "{71D8B80B-9E05-4B83-8886-0E17C942CDC3}"
EndProject
Project("{FAE04EC0-301F-11D3-BF4B-00C04F79EFBC}") = "Market.Simulator.Client", "market-simulator\Market.Simulator.Client\Market.Simulator.Client.csproj", "{EEAC8904-C7A7-4D74-8F27-8456497D97BA}"
EndProject
Project("{FAE04EC0-301F-11D3-BF4B-00C04F79EFBC}") = "Market.Simulator.Models", "market-simulator\Market.Simulator.Models\Market.Simulator.Models.csproj", "{FDA05005-0BBF-403A-979C-12395912FA59}"
EndProject
Project("{FAE04EC0-301F-11D3-BF4B-00C04F79EFBC}") = "Market.Simulator.Server", "market-simulator\Market.Simulator.Server\Market.Simulator.Server.csproj", "{85CB00B1-6A91-4F20-A9C1-25433F94F690}"
EndProject
Project("{2150E333-8FDC-42A3-9474-1A3956D46DE8}") = ".git", ".git", "{C16C0939-C7CC-4A3A-9A32-A868BE9AD9A2}"
ProjectSection(SolutionItems) = preProject
	.gitignore = .gitignore
EndProjectSection
EndProject
Project("{2150E333-8FDC-42A3-9474-1A3956D46DE8}") = ".build", ".build", "{205690B0-2053-40DF-A785-29BEB52A1891}"
ProjectSection(SolutionItems) = preProject
	build.cake = build.cake
	build.ps1 = build.ps1
	build.sh = build.sh
	testing.xml = testing.xml
	webapp.xml = webapp.xml
	properties.xml = properties.xml
	logging.xml = logging.xml
EndProjectSection
EndProject
Project("{2150E333-8FDC-42A3-9474-1A3956D46DE8}") = "stock-ticker", "stock-ticker", "{397FEF25-84B9-476B-93E9-D316CCDD5F80}"
EndProject
Project("{FAE04EC0-301F-11D3-BF4B-00C04F79EFBC}") = "Stock.Ticker.Tests", "stock-ticker\Stock.Ticker.Tests\Stock.Ticker.Tests.csproj", "{330AEA87-EDE6-46AA-B526-43DF814284A8}"
EndProject
Project("{FAE04EC0-301F-11D3-BF4B-00C04F79EFBC}") = "Stock.Ticker.Server", "stock-ticker\Stock.Ticker.Server\Stock.Ticker.Server.csproj", "{1A1B26D2-D4B1-4982-A37C-8A3892449286}"
EndProject
Project("{2150E333-8FDC-42A3-9474-1A3956D46DE8}") = "common", "common", "{EBF24306-B274-4948-AC8D-17EEE9C835BC}"
EndProject
Project("{FAE04EC0-301F-11D3-BF4B-00C04F79EFBC}") = "Mo.Money.Common", "common\Mo.Money.Common\Mo.Money.Common.csproj", "{9C0EBF79-4819-450E-91B1-1ED6FDFED6F5}"
EndProject
Global
	GlobalSection(SolutionConfigurationPlatforms) = preSolution
		Debug|Any CPU = Debug|Any CPU
		Release|Any CPU = Release|Any CPU
	EndGlobalSection
	GlobalSection(NestedProjects) = preSolution
		{71D8B80B-9E05-4B83-8886-0E17C942CDC3} = {CB55B0E5-981E-4D57-A5C4-4EDA5761F7FB}
		{EEAC8904-C7A7-4D74-8F27-8456497D97BA} = {CB55B0E5-981E-4D57-A5C4-4EDA5761F7FB}
		{FDA05005-0BBF-403A-979C-12395912FA59} = {CB55B0E5-981E-4D57-A5C4-4EDA5761F7FB}
		{85CB00B1-6A91-4F20-A9C1-25433F94F690} = {CB55B0E5-981E-4D57-A5C4-4EDA5761F7FB}
		{330AEA87-EDE6-46AA-B526-43DF814284A8} = {397FEF25-84B9-476B-93E9-D316CCDD5F80}
		{1A1B26D2-D4B1-4982-A37C-8A3892449286} = {397FEF25-84B9-476B-93E9-D316CCDD5F80}
		{9C0EBF79-4819-450E-91B1-1ED6FDFED6F5} = {EBF24306-B274-4948-AC8D-17EEE9C835BC}
	EndGlobalSection
	GlobalSection(ProjectConfigurationPlatforms) = postSolution
		{71D8B80B-9E05-4B83-8886-0E17C942CDC3}.Debug|Any CPU.ActiveCfg = Debug|Any CPU
		{71D8B80B-9E05-4B83-8886-0E17C942CDC3}.Debug|Any CPU.Build.0 = Debug|Any CPU
		{71D8B80B-9E05-4B83-8886-0E17C942CDC3}.Release|Any CPU.ActiveCfg = Release|Any CPU
		{71D8B80B-9E05-4B83-8886-0E17C942CDC3}.Release|Any CPU.Build.0 = Release|Any CPU
		{EEAC8904-C7A7-4D74-8F27-8456497D97BA}.Debug|Any CPU.ActiveCfg = Debug|Any CPU
		{EEAC8904-C7A7-4D74-8F27-8456497D97BA}.Debug|Any CPU.Build.0 = Debug|Any CPU
		{EEAC8904-C7A7-4D74-8F27-8456497D97BA}.Release|Any CPU.ActiveCfg = Release|Any CPU
		{EEAC8904-C7A7-4D74-8F27-8456497D97BA}.Release|Any CPU.Build.0 = Release|Any CPU
		{FDA05005-0BBF-403A-979C-12395912FA59}.Debug|Any CPU.ActiveCfg = Debug|Any CPU
		{FDA05005-0BBF-403A-979C-12395912FA59}.Debug|Any CPU.Build.0 = Debug|Any CPU
		{FDA05005-0BBF-403A-979C-12395912FA59}.Release|Any CPU.ActiveCfg = Release|Any CPU
		{FDA05005-0BBF-403A-979C-12395912FA59}.Release|Any CPU.Build.0 = Release|Any CPU
		{85CB00B1-6A91-4F20-A9C1-25433F94F690}.Debug|Any CPU.ActiveCfg = Debug|Any CPU
		{85CB00B1-6A91-4F20-A9C1-25433F94F690}.Debug|Any CPU.Build.0 = Debug|Any CPU
		{85CB00B1-6A91-4F20-A9C1-25433F94F690}.Release|Any CPU.ActiveCfg = Release|Any CPU
		{85CB00B1-6A91-4F20-A9C1-25433F94F690}.Release|Any CPU.Build.0 = Release|Any CPU
		{330AEA87-EDE6-46AA-B526-43DF814284A8}.Debug|Any CPU.ActiveCfg = Debug|Any CPU
		{330AEA87-EDE6-46AA-B526-43DF814284A8}.Debug|Any CPU.Build.0 = Debug|Any CPU
		{330AEA87-EDE6-46AA-B526-43DF814284A8}.Release|Any CPU.ActiveCfg = Release|Any CPU
		{330AEA87-EDE6-46AA-B526-43DF814284A8}.Release|Any CPU.Build.0 = Release|Any CPU
		{1A1B26D2-D4B1-4982-A37C-8A3892449286}.Debug|Any CPU.ActiveCfg = Debug|Any CPU
		{1A1B26D2-D4B1-4982-A37C-8A3892449286}.Debug|Any CPU.Build.0 = Debug|Any CPU
		{1A1B26D2-D4B1-4982-A37C-8A3892449286}.Release|Any CPU.ActiveCfg = Release|Any CPU
		{1A1B26D2-D4B1-4982-A37C-8A3892449286}.Release|Any CPU.Build.0 = Release|Any CPU
		{9C0EBF79-4819-450E-91B1-1ED6FDFED6F5}.Debug|Any CPU.ActiveCfg = Debug|Any CPU
		{9C0EBF79-4819-450E-91B1-1ED6FDFED6F5}.Debug|Any CPU.Build.0 = Debug|Any CPU
		{9C0EBF79-4819-450E-91B1-1ED6FDFED6F5}.Release|Any CPU.ActiveCfg = Release|Any CPU
		{9C0EBF79-4819-450E-91B1-1ED6FDFED6F5}.Release|Any CPU.Build.0 = Release|Any CPU
	EndGlobalSection
EndGlobal
