
Microsoft Visual Studio Solution File, Format Version 12.00
Project("{2150E333-8FDC-42A3-9474-1A3956D46DE8}") = "market-simulator", "market-simulator", "{CB55B0E5-981E-4D57-A5C4-4EDA5761F7FB}"
EndProject
Project("{FAE04EC0-301F-11D3-BF4B-00C04F79EFBC}") = "Market.Simulator.Tests", "market-simulator\Market.Simulator.Tests\Market.Simulator.Tests.csproj", "{71D8B80B-9E05-4B83-8886-0E17C942CDC3}"
EndProject
Project("{FAE04EC0-301F-11D3-BF4B-00C04F79EFBC}") = "Market.Simulator.Client", "market-simulator\Market.Simulator.Client\Market.Simulator.Client.csproj", "{EEAC8904-C7A7-4D74-8F27-8456497D97BA}"
EndProject
Project("{FAE04EC0-301F-11D3-BF4B-00C04F79EFBC}") = "Market.Simulator.Server", "market-simulator\Market.Simulator.Server\Market.Simulator.Server.csproj", "{85CB00B1-6A91-4F20-A9C1-25433F94F690}"
EndProject
Project("{2150E333-8FDC-42A3-9474-1A3956D46DE8}") = ".git", ".git", "{C16C0939-C7CC-4A3A-9A32-A868BE9AD9A2}"
ProjectSection(SolutionItems) = preProject
	.gitignore = .gitignore
EndProjectSection
EndProject
Project("{2150E333-8FDC-42A3-9474-1A3956D46DE8}") = ".build", ".build", "{205690B0-2053-40DF-A785-29BEB52A1891}"
ProjectSection(SolutionItems) = preProject
	build.cake = build.cake
	build.ps1 = build.ps1
	build.sh = build.sh
	testing.xml = testing.xml
	webapp.xml = webapp.xml
	properties.xml = properties.xml
	logging.xml = logging.xml
EndProjectSection
EndProject
Project("{2150E333-8FDC-42A3-9474-1A3956D46DE8}") = "stock-ticker", "stock-ticker", "{397FEF25-84B9-476B-93E9-D316CCDD5F80}"
EndProject
Project("{FAE04EC0-301F-11D3-BF4B-00C04F79EFBC}") = "Stock.Ticker.Tests", "stock-ticker\Stock.Ticker.Tests\Stock.Ticker.Tests.csproj", "{330AEA87-EDE6-46AA-B526-43DF814284A8}"
EndProject
Project("{FAE04EC0-301F-11D3-BF4B-00C04F79EFBC}") = "Stock.Ticker.Server", "stock-ticker\Stock.Ticker.Server\Stock.Ticker.Server.csproj", "{1A1B26D2-D4B1-4982-A37C-8A3892449286}"
EndProject
Project("{2150E333-8FDC-42A3-9474-1A3956D46DE8}") = "common", "common", "{EBF24306-B274-4948-AC8D-17EEE9C835BC}"
EndProject
Project("{FAE04EC0-301F-11D3-BF4B-00C04F79EFBC}") = "Mo.Money.Common", "common\Mo.Money.Common\Mo.Money.Common.csproj", "{9C0EBF79-4819-450E-91B1-1ED6FDFED6F5}"
EndProject
Project("{2150E333-8FDC-42A3-9474-1A3956D46DE8}") = "identity-management", "identity-management", "{3A946A43-86CA-4A66-A966-4A7E025B424F}"
EndProject
Project("{FAE04EC0-301F-11D3-BF4B-00C04F79EFBC}") = "Identity.Management.Tests", "identity-management\Identity.Management.Tests\Identity.Management.Tests.csproj", "{123F8CB6-45C5-42FA-96CE-DA00D6ED8611}"
EndProject
Project("{FAE04EC0-301F-11D3-BF4B-00C04F79EFBC}") = "Identity.Management.Server", "identity-management\Identity.Management.Server\Identity.Management.Server.csproj", "{5DE0F713-5C05-49F5-BAC1-79F275062A2E}"
EndProject
Project("{FAE04EC0-301F-11D3-BF4B-00C04F79EFBC}") = "Identity.Management.Client", "identity-management\Identity.Management.Client\Identity.Management.Client.csproj", "{380A60D7-DB54-4C41-BD41-ADBBBE84C5F5}"
EndProject
Project("{2150E333-8FDC-42A3-9474-1A3956D46DE8}") = "portal", "portal", "{8267931A-4CA5-4C6E-B5F0-A805D5EB35C3}"
EndProject
Project("{2150E333-8FDC-42A3-9474-1A3956D46DE8}") = "end-to-end", "end-to-end", "{77709B29-2133-4041-AB36-4264F61EE809}"
EndProject
Project("{FAE04EC0-301F-11D3-BF4B-00C04F79EFBC}") = "EndToEnd", "end-to-end\EndToEnd\EndToEnd.csproj", "{65063989-3CFD-4243-A80F-4D9E2C4548F0}"
EndProject
Project("{FAE04EC0-301F-11D3-BF4B-00C04F79EFBC}") = "Portal.Server", "portal\Portal.Server\Portal.Server.csproj", "{B29D66C2-3826-4BA7-83FA-9253A607E2DA}"
EndProject
Global
	GlobalSection(SolutionConfigurationPlatforms) = preSolution
		Debug|Any CPU = Debug|Any CPU
		Release|Any CPU = Release|Any CPU
	EndGlobalSection
	GlobalSection(NestedProjects) = preSolution
		{71D8B80B-9E05-4B83-8886-0E17C942CDC3} = {CB55B0E5-981E-4D57-A5C4-4EDA5761F7FB}
		{EEAC8904-C7A7-4D74-8F27-8456497D97BA} = {CB55B0E5-981E-4D57-A5C4-4EDA5761F7FB}
		{85CB00B1-6A91-4F20-A9C1-25433F94F690} = {CB55B0E5-981E-4D57-A5C4-4EDA5761F7FB}
		{330AEA87-EDE6-46AA-B526-43DF814284A8} = {397FEF25-84B9-476B-93E9-D316CCDD5F80}
		{1A1B26D2-D4B1-4982-A37C-8A3892449286} = {397FEF25-84B9-476B-93E9-D316CCDD5F80}
		{9C0EBF79-4819-450E-91B1-1ED6FDFED6F5} = {EBF24306-B274-4948-AC8D-17EEE9C835BC}
		{123F8CB6-45C5-42FA-96CE-DA00D6ED8611} = {3A946A43-86CA-4A66-A966-4A7E025B424F}
		{5DE0F713-5C05-49F5-BAC1-79F275062A2E} = {3A946A43-86CA-4A66-A966-4A7E025B424F}
		{380A60D7-DB54-4C41-BD41-ADBBBE84C5F5} = {3A946A43-86CA-4A66-A966-4A7E025B424F}
		{65063989-3CFD-4243-A80F-4D9E2C4548F0} = {77709B29-2133-4041-AB36-4264F61EE809}
		{B29D66C2-3826-4BA7-83FA-9253A607E2DA} = {8267931A-4CA5-4C6E-B5F0-A805D5EB35C3}
	EndGlobalSection
	GlobalSection(ProjectConfigurationPlatforms) = postSolution
		{71D8B80B-9E05-4B83-8886-0E17C942CDC3}.Debug|Any CPU.ActiveCfg = Debug|Any CPU
		{71D8B80B-9E05-4B83-8886-0E17C942CDC3}.Debug|Any CPU.Build.0 = Debug|Any CPU
		{71D8B80B-9E05-4B83-8886-0E17C942CDC3}.Release|Any CPU.ActiveCfg = Release|Any CPU
		{71D8B80B-9E05-4B83-8886-0E17C942CDC3}.Release|Any CPU.Build.0 = Release|Any CPU
		{EEAC8904-C7A7-4D74-8F27-8456497D97BA}.Debug|Any CPU.ActiveCfg = Debug|Any CPU
		{EEAC8904-C7A7-4D74-8F27-8456497D97BA}.Debug|Any CPU.Build.0 = Debug|Any CPU
		{EEAC8904-C7A7-4D74-8F27-8456497D97BA}.Release|Any CPU.ActiveCfg = Release|Any CPU
		{EEAC8904-C7A7-4D74-8F27-8456497D97BA}.Release|Any CPU.Build.0 = Release|Any CPU
		{85CB00B1-6A91-4F20-A9C1-25433F94F690}.Debug|Any CPU.ActiveCfg = Debug|Any CPU
		{85CB00B1-6A91-4F20-A9C1-25433F94F690}.Debug|Any CPU.Build.0 = Debug|Any CPU
		{85CB00B1-6A91-4F20-A9C1-25433F94F690}.Release|Any CPU.ActiveCfg = Release|Any CPU
		{85CB00B1-6A91-4F20-A9C1-25433F94F690}.Release|Any CPU.Build.0 = Release|Any CPU
		{330AEA87-EDE6-46AA-B526-43DF814284A8}.Debug|Any CPU.ActiveCfg = Debug|Any CPU
		{330AEA87-EDE6-46AA-B526-43DF814284A8}.Debug|Any CPU.Build.0 = Debug|Any CPU
		{330AEA87-EDE6-46AA-B526-43DF814284A8}.Release|Any CPU.ActiveCfg = Release|Any CPU
		{330AEA87-EDE6-46AA-B526-43DF814284A8}.Release|Any CPU.Build.0 = Release|Any CPU
		{1A1B26D2-D4B1-4982-A37C-8A3892449286}.Debug|Any CPU.ActiveCfg = Debug|Any CPU
		{1A1B26D2-D4B1-4982-A37C-8A3892449286}.Debug|Any CPU.Build.0 = Debug|Any CPU
		{1A1B26D2-D4B1-4982-A37C-8A3892449286}.Release|Any CPU.ActiveCfg = Release|Any CPU
		{1A1B26D2-D4B1-4982-A37C-8A3892449286}.Release|Any CPU.Build.0 = Release|Any CPU
		{9C0EBF79-4819-450E-91B1-1ED6FDFED6F5}.Debug|Any CPU.ActiveCfg = Debug|Any CPU
		{9C0EBF79-4819-450E-91B1-1ED6FDFED6F5}.Debug|Any CPU.Build.0 = Debug|Any CPU
		{9C0EBF79-4819-450E-91B1-1ED6FDFED6F5}.Release|Any CPU.ActiveCfg = Release|Any CPU
		{9C0EBF79-4819-450E-91B1-1ED6FDFED6F5}.Release|Any CPU.Build.0 = Release|Any CPU
		{123F8CB6-45C5-42FA-96CE-DA00D6ED8611}.Debug|Any CPU.ActiveCfg = Debug|Any CPU
		{123F8CB6-45C5-42FA-96CE-DA00D6ED8611}.Debug|Any CPU.Build.0 = Debug|Any CPU
		{123F8CB6-45C5-42FA-96CE-DA00D6ED8611}.Release|Any CPU.ActiveCfg = Release|Any CPU
		{123F8CB6-45C5-42FA-96CE-DA00D6ED8611}.Release|Any CPU.Build.0 = Release|Any CPU
		{5DE0F713-5C05-49F5-BAC1-79F275062A2E}.Debug|Any CPU.ActiveCfg = Debug|Any CPU
		{5DE0F713-5C05-49F5-BAC1-79F275062A2E}.Debug|Any CPU.Build.0 = Debug|Any CPU
		{5DE0F713-5C05-49F5-BAC1-79F275062A2E}.Release|Any CPU.ActiveCfg = Release|Any CPU
		{5DE0F713-5C05-49F5-BAC1-79F275062A2E}.Release|Any CPU.Build.0 = Release|Any CPU
		{380A60D7-DB54-4C41-BD41-ADBBBE84C5F5}.Debug|Any CPU.ActiveCfg = Debug|Any CPU
		{380A60D7-DB54-4C41-BD41-ADBBBE84C5F5}.Debug|Any CPU.Build.0 = Debug|Any CPU
		{380A60D7-DB54-4C41-BD41-ADBBBE84C5F5}.Release|Any CPU.ActiveCfg = Release|Any CPU
		{380A60D7-DB54-4C41-BD41-ADBBBE84C5F5}.Release|Any CPU.Build.0 = Release|Any CPU
		{65063989-3CFD-4243-A80F-4D9E2C4548F0}.Debug|Any CPU.ActiveCfg = Debug|Any CPU
		{65063989-3CFD-4243-A80F-4D9E2C4548F0}.Debug|Any CPU.Build.0 = Debug|Any CPU
		{65063989-3CFD-4243-A80F-4D9E2C4548F0}.Release|Any CPU.ActiveCfg = Release|Any CPU
		{65063989-3CFD-4243-A80F-4D9E2C4548F0}.Release|Any CPU.Build.0 = Release|Any CPU
		{B29D66C2-3826-4BA7-83FA-9253A607E2DA}.Debug|Any CPU.ActiveCfg = Debug|Any CPU
		{B29D66C2-3826-4BA7-83FA-9253A607E2DA}.Debug|Any CPU.Build.0 = Debug|Any CPU
		{B29D66C2-3826-4BA7-83FA-9253A607E2DA}.Release|Any CPU.ActiveCfg = Release|Any CPU
		{B29D66C2-3826-4BA7-83FA-9253A607E2DA}.Release|Any CPU.Build.0 = Release|Any CPU
	EndGlobalSection
EndGlobal
